
Microsoft Visual Studio Solution File, Format Version 12.00
# Visual Studio 2012
Project("{FAE04EC0-301F-11D3-BF4B-00C04F79EFBC}") = "Zombies", "Zombies\Zombies\Zombies.csproj", "{7337B15F-5289-4B51-B6D1-3C1A4394810D}"
EndProject
Project("{96E2B04D-8817-42C6-938A-82C39BA4D311}") = "ZombiesContent", "Zombies\ZombiesContent\ZombiesContent.contentproj", "{42F783F8-B4BF-48C5-AEE5-702F38754587}"
EndProject
Global
	GlobalSection(SolutionConfigurationPlatforms) = preSolution
		Debug|x86 = Debug|x86
		Release|x86 = Release|x86
	EndGlobalSection
	GlobalSection(ProjectConfigurationPlatforms) = postSolution
		{7337B15F-5289-4B51-B6D1-3C1A4394810D}.Debug|x86.ActiveCfg = Debug|x86
		{7337B15F-5289-4B51-B6D1-3C1A4394810D}.Debug|x86.Build.0 = Debug|x86
		{7337B15F-5289-4B51-B6D1-3C1A4394810D}.Release|x86.ActiveCfg = Release|x86
		{7337B15F-5289-4B51-B6D1-3C1A4394810D}.Release|x86.Build.0 = Release|x86
		{42F783F8-B4BF-48C5-AEE5-702F38754587}.Debug|x86.ActiveCfg = Debug|x86
		{42F783F8-B4BF-48C5-AEE5-702F38754587}.Release|x86.ActiveCfg = Release|x86
	EndGlobalSection
	GlobalSection(SolutionProperties) = preSolution
		HideSolutionNode = FALSE
	EndGlobalSection
EndGlobal
